
Microsoft Visual Studio Solution File, Format Version 12.00
# Visual Studio Version 17
VisualStudioVersion = 17.0.31919.166
MinimumVisualStudioVersion = 10.0.40219.1
Project("{9A19103F-16F7-4668-BE54-9A1E7A4F7556}") = "ConsoleVS", "ConsoleVS\ConsoleVS.csproj", "{D61F73CE-1BE5-4BD4-90B0-14F3519C750B}"
EndProject
Project("{9A19103F-16F7-4668-BE54-9A1E7A4F7556}") = "ListMaster", "ListMaster\ListMaster.csproj", "{67154450-B2F2-489C-B79C-43B3B2740902}"
EndProject
Project("{FAE04EC0-301F-11D3-BF4B-00C04F79EFBC}") = "Math1", "Math1\Math1.csproj", "{0B7B8A34-4539-4BCD-8FB2-F8BA6C13997E}"
EndProject
Global
	GlobalSection(SolutionConfigurationPlatforms) = preSolution
		Debug|Any CPU = Debug|Any CPU
		Release|Any CPU = Release|Any CPU
	EndGlobalSection
	GlobalSection(ProjectConfigurationPlatforms) = postSolution
		{D61F73CE-1BE5-4BD4-90B0-14F3519C750B}.Debug|Any CPU.ActiveCfg = Debug|Any CPU
		{D61F73CE-1BE5-4BD4-90B0-14F3519C750B}.Debug|Any CPU.Build.0 = Debug|Any CPU
		{D61F73CE-1BE5-4BD4-90B0-14F3519C750B}.Release|Any CPU.ActiveCfg = Release|Any CPU
		{D61F73CE-1BE5-4BD4-90B0-14F3519C750B}.Release|Any CPU.Build.0 = Release|Any CPU
		{67154450-B2F2-489C-B79C-43B3B2740902}.Debug|Any CPU.ActiveCfg = Debug|Any CPU
		{67154450-B2F2-489C-B79C-43B3B2740902}.Debug|Any CPU.Build.0 = Debug|Any CPU
		{67154450-B2F2-489C-B79C-43B3B2740902}.Release|Any CPU.ActiveCfg = Release|Any CPU
		{67154450-B2F2-489C-B79C-43B3B2740902}.Release|Any CPU.Build.0 = Release|Any CPU
		{0B7B8A34-4539-4BCD-8FB2-F8BA6C13997E}.Debug|Any CPU.ActiveCfg = Debug|Any CPU
		{0B7B8A34-4539-4BCD-8FB2-F8BA6C13997E}.Debug|Any CPU.Build.0 = Debug|Any CPU
		{0B7B8A34-4539-4BCD-8FB2-F8BA6C13997E}.Release|Any CPU.ActiveCfg = Release|Any CPU
		{0B7B8A34-4539-4BCD-8FB2-F8BA6C13997E}.Release|Any CPU.Build.0 = Release|Any CPU
	EndGlobalSection
	GlobalSection(SolutionProperties) = preSolution
		HideSolutionNode = FALSE
	EndGlobalSection
	GlobalSection(ExtensibilityGlobals) = postSolution
		SolutionGuid = {5E46A436-CEC3-4DD6-9032-B6E37EAC72AD}
	EndGlobalSection
EndGlobal
