
Microsoft Visual Studio Solution File, Format Version 12.00
# Visual Studio Version 17
VisualStudioVersion = 17.0.31919.166
MinimumVisualStudioVersion = 10.0.40219.1
Project("{9A19103F-16F7-4668-BE54-9A1E7A4F7556}") = "Math", "Math\Math.csproj", "{882D1AD0-8D24-4C0F-B7C4-3A27934C3381}"
EndProject
Project("{FAE04EC0-301F-11D3-BF4B-00C04F79EFBC}") = "newproj", "newproj\newproj.csproj", "{05413E66-500D-4119-8CE9-E3DE4393F15C}"
EndProject
Global
	GlobalSection(SolutionConfigurationPlatforms) = preSolution
		Debug|Any CPU = Debug|Any CPU
		Release|Any CPU = Release|Any CPU
	EndGlobalSection
	GlobalSection(ProjectConfigurationPlatforms) = postSolution
		{882D1AD0-8D24-4C0F-B7C4-3A27934C3381}.Debug|Any CPU.ActiveCfg = Debug|Any CPU
		{882D1AD0-8D24-4C0F-B7C4-3A27934C3381}.Debug|Any CPU.Build.0 = Debug|Any CPU
		{882D1AD0-8D24-4C0F-B7C4-3A27934C3381}.Release|Any CPU.ActiveCfg = Release|Any CPU
		{882D1AD0-8D24-4C0F-B7C4-3A27934C3381}.Release|Any CPU.Build.0 = Release|Any CPU
		{05413E66-500D-4119-8CE9-E3DE4393F15C}.Debug|Any CPU.ActiveCfg = Debug|Any CPU
		{05413E66-500D-4119-8CE9-E3DE4393F15C}.Debug|Any CPU.Build.0 = Debug|Any CPU
		{05413E66-500D-4119-8CE9-E3DE4393F15C}.Release|Any CPU.ActiveCfg = Release|Any CPU
		{05413E66-500D-4119-8CE9-E3DE4393F15C}.Release|Any CPU.Build.0 = Release|Any CPU
	EndGlobalSection
	GlobalSection(SolutionProperties) = preSolution
		HideSolutionNode = FALSE
	EndGlobalSection
	GlobalSection(ExtensibilityGlobals) = postSolution
		SolutionGuid = {F9EF5465-A638-4A4C-91EF-8F9828AA97B6}
	EndGlobalSection
EndGlobal
